
Microsoft Visual Studio Solution File, Format Version 12.00
# Visual Studio Version 16
VisualStudioVersion = 16.0.31112.23
MinimumVisualStudioVersion = 10.0.40219.1
Project("{FAE04EC0-301F-11D3-BF4B-00C04F79EFBC}") = "Mise", "Mise\Mise.csproj", "{C7F7A878-1E18-4FAC-BC5A-A52221FBCE47}"
EndProject
Global
	GlobalSection(SolutionConfigurationPlatforms) = preSolution
		Debug|Any CPU = Debug|Any CPU
		Release|Any CPU = Release|Any CPU
	EndGlobalSection
	GlobalSection(ProjectConfigurationPlatforms) = postSolution
		{C7F7A878-1E18-4FAC-BC5A-A52221FBCE47}.Debug|Any CPU.ActiveCfg = Debug|Any CPU
		{C7F7A878-1E18-4FAC-BC5A-A52221FBCE47}.Debug|Any CPU.Build.0 = Debug|Any CPU
		{C7F7A878-1E18-4FAC-BC5A-A52221FBCE47}.Release|Any CPU.ActiveCfg = Release|Any CPU
		{C7F7A878-1E18-4FAC-BC5A-A52221FBCE47}.Release|Any CPU.Build.0 = Release|Any CPU
	EndGlobalSection
	GlobalSection(SolutionProperties) = preSolution
		HideSolutionNode = FALSE
	EndGlobalSection
	GlobalSection(ExtensibilityGlobals) = postSolution
		SolutionGuid = {1DBCCAAE-339F-4BEB-AF63-1B3FC7528A7C}
	EndGlobalSection
EndGlobal
